
Microsoft Visual Studio Solution File, Format Version 12.00
# Visual Studio Version 17
VisualStudioVersion = 17.10.35004.147
MinimumVisualStudioVersion = 10.0.40219.1
Project("{FAE04EC0-301F-11D3-BF4B-00C04F79EFBC}") = "Es-Web", "Es-Web.csproj", "{2AC59491-4003-492A-BB75-AD2DC238E7E2}"
EndProject
Project("{FAE04EC0-301F-11D3-BF4B-00C04F79EFBC}") = "Es-Console", "..\Es-Console\Es-Console.csproj", "{12896AA7-640A-4747-8A16-EBBC5010255B}"
EndProject
Global
	GlobalSection(SolutionConfigurationPlatforms) = preSolution
		Debug|Any CPU = Debug|Any CPU
		Release|Any CPU = Release|Any CPU
	EndGlobalSection
	GlobalSection(ProjectConfigurationPlatforms) = postSolution
		{2AC59491-4003-492A-BB75-AD2DC238E7E2}.Debug|Any CPU.ActiveCfg = Debug|Any CPU
		{2AC59491-4003-492A-BB75-AD2DC238E7E2}.Debug|Any CPU.Build.0 = Debug|Any CPU
		{2AC59491-4003-492A-BB75-AD2DC238E7E2}.Release|Any CPU.ActiveCfg = Release|Any CPU
		{2AC59491-4003-492A-BB75-AD2DC238E7E2}.Release|Any CPU.Build.0 = Release|Any CPU
		{12896AA7-640A-4747-8A16-EBBC5010255B}.Debug|Any CPU.ActiveCfg = Debug|Any CPU
		{12896AA7-640A-4747-8A16-EBBC5010255B}.Debug|Any CPU.Build.0 = Debug|Any CPU
		{12896AA7-640A-4747-8A16-EBBC5010255B}.Release|Any CPU.ActiveCfg = Release|Any CPU
		{12896AA7-640A-4747-8A16-EBBC5010255B}.Release|Any CPU.Build.0 = Release|Any CPU
	EndGlobalSection
	GlobalSection(SolutionProperties) = preSolution
		HideSolutionNode = FALSE
	EndGlobalSection
	GlobalSection(ExtensibilityGlobals) = postSolution
		SolutionGuid = {0E15DD3A-223C-4747-A8C3-DD0D225D47D4}
	EndGlobalSection
EndGlobal
